// !$*UTF8*$!
{
	archiveVersion = 1;
	classes = {
	};
	objectVersion = 77;
	objects = {

/* Begin PBXContainerItemProxy section */
		259CD2772DD543AE008D2BA6 /* PBXContainerItemProxy */ = {
			isa = PBXContainerItemProxy;
			containerPortal = 259CD2612DD543AD008D2BA6 /* Project object */;
			proxyType = 1;
			remoteGlobalIDString = 259CD2682DD543AD008D2BA6;
			remoteInfo = TravelAssistant;
		};
		259CD2812DD543AE008D2BA6 /* PBXContainerItemProxy */ = {
			isa = PBXContainerItemProxy;
			containerPortal = 259CD2612DD543AD008D2BA6 /* Project object */;
			proxyType = 1;
			remoteGlobalIDString = 259CD2682DD543AD008D2BA6;
			remoteInfo = TravelAssistant;
		};
/* End PBXContainerItemProxy section */

/* Begin PBXFileReference section */
		259CD2692DD543AD008D2BA6 /* TravelAssistant.app */ = {isa = PBXFileReference; explicitFileType = wrapper.application; includeInIndex = 0; path = TravelAssistant.app; sourceTree = BUILT_PRODUCTS_DIR; };
		259CD2762DD543AE008D2BA6 /* TravelAssistantTests.xctest */ = {isa = PBXFileReference; explicitFileType = wrapper.cfbundle; includeInIndex = 0; path = TravelAssistantTests.xctest; sourceTree = BUILT_PRODUCTS_DIR; };
		259CD2802DD543AE008D2BA6 /* TravelAssistantUITests.xctest */ = {isa = PBXFileReference; explicitFileType = wrapper.cfbundle; includeInIndex = 0; path = TravelAssistantUITests.xctest; sourceTree = BUILT_PRODUCTS_DIR; };
		259CD2942DD545B1008D2BA6 /* LaunchScreen.storyboard */ = {isa = PBXFileReference; lastKnownFileType = file.storyboard; path = LaunchScreen.storyboard; sourceTree = "<group>"; };
/* End PBXFileReference section */

/* Begin PBXFileSystemSynchronizedRootGroup section */
		259CD26B2DD543AD008D2BA6 /* TravelAssistant */ = {
			isa = PBXFileSystemSynchronizedRootGroup;
			path = TravelAssistant;
			sourceTree = "<group>";
		};
		259CD2792DD543AE008D2BA6 /* TravelAssistantTests */ = {
			isa = PBXFileSystemSynchronizedRootGroup;
			path = TravelAssistantTests;
			sourceTree = "<group>";
		};
		259CD2832DD543AE008D2BA6 /* TravelAssistantUITests */ = {
			isa = PBXFileSystemSynchronizedRootGroup;
			path = TravelAssistantUITests;
			sourceTree = "<group>";
		};
/* End PBXFileSystemSynchronizedRootGroup section */

/* Begin PBXFrameworksBuildPhase section */
		259CD2662DD543AD008D2BA6 /* Frameworks */ = {
			isa = PBXFrameworksBuildPhase;
			buildActionMask = 2147483647;
			files = (
			);
			runOnlyForDeploymentPostprocessing = 0;
		};
		259CD2732DD543AE008D2BA6 /* Frameworks */ = {
			isa = PBXFrameworksBuildPhase;
			buildActionMask = 2147483647;
			files = (
			);
			runOnlyForDeploymentPostprocessing = 0;
		};
		259CD27D2DD543AE008D2BA6 /* Frameworks */ = {
			isa = PBXFrameworksBuildPhase;
			buildActionMask = 2147483647;
			files = (
			);
			runOnlyForDeploymentPostprocessing = 0;
		};
/* End PBXFrameworksBuildPhase section */

/* Begin PBXGroup section */
		259CD2602DD543AD008D2BA6 = {
			isa = PBXGroup;
			children = (
				259CD26B2DD543AD008D2BA6 /* TravelAssistant */,
				259CD2792DD543AE008D2BA6 /* TravelAssistantTests */,
				259CD2832DD543AE008D2BA6 /* TravelAssistantUITests */,
				259CD26A2DD543AD008D2BA6 /* Products */,
			);
			sourceTree = "<group>";
		};
		259CD26A2DD543AD008D2BA6 /* Products */ = {
			isa = PBXGroup;
			children = (
				259CD2692DD543AD008D2BA6 /* TravelAssistant.app */,
				259CD2762DD543AE008D2BA6 /* TravelAssistantTests.xctest */,
				259CD2802DD543AE008D2BA6 /* TravelAssistantUITests.xctest */,
			);
			name = Products;
			sourceTree = "<group>";
		};
/* End PBXGroup section */

/* Begin PBXNativeTarget section */
		259CD2682DD543AD008D2BA6 /* TravelAssistant */ = {
			isa = PBXNativeTarget;
			buildConfigurationList = 259CD28A2DD543AE008D2BA6 /* Build configuration list for PBXNativeTarget "TravelAssistant" */;
			buildPhases = (
				259CD2652DD543AD008D2BA6 /* Sources */,
				259CD2662DD543AD008D2BA6 /* Frameworks */,
				259CD2672DD543AD008D2BA6 /* Resources */,
			);
			buildRules = (
			);
			dependencies = (
			);
			fileSystemSynchronizedGroups = (
				259CD26B2DD543AD008D2BA6 /* TravelAssistant */,
			);
			name = TravelAssistant;
			packageProductDependencies = (
			);
			productName = TravelAssistant;
			productReference = 259CD2692DD543AD008D2BA6 /* TravelAssistant.app */;
			productType = "com.apple.product-type.application";
		};
		259CD2752DD543AE008D2BA6 /* TravelAssistantTests */ = {
			isa = PBXNativeTarget;
			buildConfigurationList = 259CD28D2DD543AE008D2BA6 /* Build configuration list for PBXNativeTarget "TravelAssistantTests" */;
			buildPhases = (
				259CD2722DD543AE008D2BA6 /* Sources */,
				259CD2732DD543AE008D2BA6 /* Frameworks */,
				259CD2742DD543AE008D2BA6 /* Resources */,
			);
			buildRules = (
			);
			dependencies = (
				259CD2782DD543AE008D2BA6 /* PBXTargetDependency */,
			);
			fileSystemSynchronizedGroups = (
				259CD2792DD543AE008D2BA6 /* TravelAssistantTests */,
			);
			name = TravelAssistantTests;
			packageProductDependencies = (
			);
			productName = TravelAssistantTests;
			productReference = 259CD2762DD543AE008D2BA6 /* TravelAssistantTests.xctest */;
			productType = "com.apple.product-type.bundle.unit-test";
		};
		259CD27F2DD543AE008D2BA6 /* TravelAssistantUITests */ = {
			isa = PBXNativeTarget;
			buildConfigurationList = 259CD2902DD543AE008D2BA6 /* Build configuration list for PBXNativeTarget "TravelAssistantUITests" */;
			buildPhases = (
				259CD27C2DD543AE008D2BA6 /* Sources */,
				259CD27D2DD543AE008D2BA6 /* Frameworks */,
				259CD27E2DD543AE008D2BA6 /* Resources */,
			);
			buildRules = (
			);
			dependencies = (
				259CD2822DD543AE008D2BA6 /* PBXTargetDependency */,
			);
			fileSystemSynchronizedGroups = (
				259CD2832DD543AE008D2BA6 /* TravelAssistantUITests */,
			);
			name = TravelAssistantUITests;
			packageProductDependencies = (
			);
			productName = TravelAssistantUITests;
			productReference = 259CD2802DD543AE008D2BA6 /* TravelAssistantUITests.xctest */;
			productType = "com.apple.product-type.bundle.ui-testing";
		};
/* End PBXNativeTarget section */

/* Begin PBXProject section */
		259CD2612DD543AD008D2BA6 /* Project object */ = {
			isa = PBXProject;
			attributes = {
				BuildIndependentTargetsInParallel = 1;
				LastSwiftUpdateCheck = 1630;
				LastUpgradeCheck = 1630;
				TargetAttributes = {
					259CD2682DD543AD008D2BA6 = {
						CreatedOnToolsVersion = 16.3;
					};
					259CD2752DD543AE008D2BA6 = {
						CreatedOnToolsVersion = 16.3;
						TestTargetID = 259CD2682DD543AD008D2BA6;
					};
					259CD27F2DD543AE008D2BA6 = {
						CreatedOnToolsVersion = 16.3;
						TestTargetID = 259CD2682DD543AD008D2BA6;
					};
				};
			};
			buildConfigurationList = 259CD2642DD543AD008D2BA6 /* Build configuration list for PBXProject "TravelAssistant" */;
			developmentRegion = en;
			hasScannedForEncodings = 0;
			knownRegions = (
				en,
				Base,
			);
			mainGroup = 259CD2602DD543AD008D2BA6;
			minimizedProjectReferenceProxies = 1;
			preferredProjectObjectVersion = 77;
			productRefGroup = 259CD26A2DD543AD008D2BA6 /* Products */;
			projectDirPath = "";
			projectRoot = "";
			targets = (
				259CD2682DD543AD008D2BA6 /* TravelAssistant */,
				259CD2752DD543AE008D2BA6 /* TravelAssistantTests */,
				259CD27F2DD543AE008D2BA6 /* TravelAssistantUITests */,
			);
		};
/* End PBXProject section */

/* Begin PBXResourcesBuildPhase section */
		259CD2672DD543AD008D2BA6 /* Resources */ = {
			isa = PBXResourcesBuildPhase;
			buildActionMask = 2147483647;
			files = (
			);
			runOnlyForDeploymentPostprocessing = 0;
		};
		259CD2742DD543AE008D2BA6 /* Resources */ = {
			isa = PBXResourcesBuildPhase;
			buildActionMask = 2147483647;
			files = (
			);
			runOnlyForDeploymentPostprocessing = 0;
		};
		259CD27E2DD543AE008D2BA6 /* Resources */ = {
			isa = PBXResourcesBuildPhase;
			buildActionMask = 2147483647;
			files = (
			);
			runOnlyForDeploymentPostprocessing = 0;
		};
/* End PBXResourcesBuildPhase section */

/* Begin PBXSourcesBuildPhase section */
		259CD2652DD543AD008D2BA6 /* Sources */ = {
			isa = PBXSourcesBuildPhase;
			buildActionMask = 2147483647;
			files = (
			);
			runOnlyForDeploymentPostprocessing = 0;
		};
		259CD2722DD543AE008D2BA6 /* Sources */ = {
			isa = PBXSourcesBuildPhase;
			buildActionMask = 2147483647;
			files = (
			);
			runOnlyForDeploymentPostprocessing = 0;
		};
		259CD27C2DD543AE008D2BA6 /* Sources */ = {
			isa = PBXSourcesBuildPhase;
			buildActionMask = 2147483647;
			files = (
			);
			runOnlyForDeploymentPostprocessing = 0;
		};
/* End PBXSourcesBuildPhase section */

/* Begin PBXTargetDependency section */
		259CD2782DD543AE008D2BA6 /* PBXTargetDependency */ = {
			isa = PBXTargetDependency;
			target = 259CD2682DD543AD008D2BA6 /* TravelAssistant */;
			targetProxy = 259CD2772DD543AE008D2BA6 /* PBXContainerItemProxy */;
		};
		259CD2822DD543AE008D2BA6 /* PBXTargetDependency */ = {
			isa = PBXTargetDependency;
			target = 259CD2682DD543AD008D2BA6 /* TravelAssistant */;
			targetProxy = 259CD2812DD543AE008D2BA6 /* PBXContainerItemProxy */;
		};
/* End PBXTargetDependency section */

/* Begin XCBuildConfiguration section */
		259CD2882DD543AE008D2BA6 /* Debug */ = {
			isa = XCBuildConfiguration;
			buildSettings = {
				ALWAYS_SEARCH_USER_PATHS = NO;
				ASSETCATALOG_COMPILER_GENERATE_SWIFT_ASSET_SYMBOL_EXTENSIONS = YES;
				CLANG_ANALYZER_NONNULL = YES;
				CLANG_ANALYZER_NUMBER_OBJECT_CONVERSION = YES_AGGRESSIVE;
				CLANG_CXX_LANGUAGE_STANDARD = "gnu++20";
				CLANG_ENABLE_MODULES = YES;
				CLANG_ENABLE_OBJC_ARC = YES;
				CLANG_ENABLE_OBJC_WEAK = YES;
				CLANG_WARN_BLOCK_CAPTURE_AUTORELEASING = YES;
				CLANG_WARN_BOOL_CONVERSION = YES;
				CLANG_WARN_COMMA = YES;
				CLANG_WARN_CONSTANT_CONVERSION = YES;
				CLANG_WARN_DEPRECATED_OBJC_IMPLEMENTATIONS = YES;
				CLANG_WARN_DIRECT_OBJC_ISA_USAGE = YES_ERROR;
				CLANG_WARN_DOCUMENTATION_COMMENTS = YES;
				CLANG_WARN_EMPTY_BODY = YES;
				CLANG_WARN_ENUM_CONVERSION = YES;
				CLANG_WARN_INFINITE_RECURSION = YES;
				CLANG_WARN_INT_CONVERSION = YES;
				CLANG_WARN_NON_LITERAL_NULL_CONVERSION = YES;
				CLANG_WARN_OBJC_IMPLICIT_RETAIN_SELF = YES;
				CLANG_WARN_OBJC_LITERAL_CONVERSION = YES;
				CLANG_WARN_OBJC_ROOT_CLASS = YES_ERROR;
				CLANG_WARN_QUOTED_INCLUDE_IN_FRAMEWORK_HEADER = YES;
				CLANG_WARN_RANGE_LOOP_ANALYSIS = YES;
				CLANG_WARN_STRICT_PROTOTYPES = YES;
				CLANG_WARN_SUSPICIOUS_MOVE = YES;
				CLANG_WARN_UNGUARDED_AVAILABILITY = YES_AGGRESSIVE;
				CLANG_WARN_UNREACHABLE_CODE = YES;
				CLANG_WARN__DUPLICATE_METHOD_MATCH = YES;
				COPY_PHASE_STRIP = NO;
				DEBUG_INFORMATION_FORMAT = dwarf;
				DEVELOPMENT_TEAM = JRXM8D3T9M;
				ENABLE_STRICT_OBJC_MSGSEND = YES;
				ENABLE_TESTABILITY = YES;
				ENABLE_USER_SCRIPT_SANDBOXING = YES;
				GCC_C_LANGUAGE_STANDARD = gnu17;
				GCC_DYNAMIC_NO_PIC = NO;
				GCC_NO_COMMON_BLOCKS = YES;
				GCC_OPTIMIZATION_LEVEL = 0;
				GCC_PREPROCESSOR_DEFINITIONS = (
					"DEBUG=1",
					"$(inherited)",
				);
				GCC_WARN_64_TO_32_BIT_CONVERSION = YES;
				GCC_WARN_ABOUT_RETURN_TYPE = YES_ERROR;
				GCC_WARN_UNDECLARED_SELECTOR = YES;
				GCC_WARN_UNINITIALIZED_AUTOS = YES_AGGRESSIVE;
				GCC_WARN_UNUSED_FUNCTION = YES;
				GCC_WARN_UNUSED_VARIABLE = YES;
				IPHONEOS_DEPLOYMENT_TARGET = 18.4;
				LOCALIZATION_PREFERS_STRING_CATALOGS = YES;
				MTL_ENABLE_DEBUG_INFO = INCLUDE_SOURCE;
				MTL_FAST_MATH = YES;
				ONLY_ACTIVE_ARCH = YES;
				SDKROOT = iphoneos;
				SWIFT_ACTIVE_COMPILATION_CONDITIONS = "DEBUG $(inherited)";
				SWIFT_OPTIMIZATION_LEVEL = "-Onone";
			};
			name = Debug;
		};
		259CD2892DD543AE008D2BA6 /* Release */ = {
			isa = XCBuildConfiguration;
			buildSettings = {
				ALWAYS_SEARCH_USER_PATHS = NO;
				ASSETCATALOG_COMPILER_GENERATE_SWIFT_ASSET_SYMBOL_EXTENSIONS = YES;
				CLANG_ANALYZER_NONNULL = YES;
				CLANG_ANALYZER_NUMBER_OBJECT_CONVERSION = YES_AGGRESSIVE;
				CLANG_CXX_LANGUAGE_STANDARD = "gnu++20";
				CLANG_ENABLE_MODULES = YES;
				CLANG_ENABLE_OBJC_ARC = YES;
				CLANG_ENABLE_OBJC_WEAK = YES;
				CLANG_WARN_BLOCK_CAPTURE_AUTORELEASING = YES;
				CLANG_WARN_BOOL_CONVERSION = YES;
				CLANG_WARN_COMMA = YES;
				CLANG_WARN_CONSTANT_CONVERSION = YES;
				CLANG_WARN_DEPRECATED_OBJC_IMPLEMENTATIONS = YES;
				CLANG_WARN_DIRECT_OBJC_ISA_USAGE = YES_ERROR;
				CLANG_WARN_DOCUMENTATION_COMMENTS = YES;
				CLANG_WARN_EMPTY_BODY = YES;
				CLANG_WARN_ENUM_CONVERSION = YES;
				CLANG_WARN_INFINITE_RECURSION = YES;
				CLANG_WARN_INT_CONVERSION = YES;
				CLANG_WARN_NON_LITERAL_NULL_CONVERSION = YES;
				CLANG_WARN_OBJC_IMPLICIT_RETAIN_SELF = YES;
				CLANG_WARN_OBJC_LITERAL_CONVERSION = YES;
				CLANG_WARN_OBJC_ROOT_CLASS = YES_ERROR;
				CLANG_WARN_QUOTED_INCLUDE_IN_FRAMEWORK_HEADER = YES;
				CLANG_WARN_RANGE_LOOP_ANALYSIS = YES;
				CLANG_WARN_STRICT_PROTOTYPES = YES;
				CLANG_WARN_SUSPICIOUS_MOVE = YES;
				CLANG_WARN_UNGUARDED_AVAILABILITY = YES_AGGRESSIVE;
				CLANG_WARN_UNREACHABLE_CODE = YES;
				CLANG_WARN__DUPLICATE_METHOD_MATCH = YES;
				COPY_PHASE_STRIP = NO;
				DEBUG_INFORMATION_FORMAT = "dwarf-with-dsym";
				DEVELOPMENT_TEAM = JRXM8D3T9M;
				ENABLE_NS_ASSERTIONS = NO;
				ENABLE_STRICT_OBJC_MSGSEND = YES;
				ENABLE_USER_SCRIPT_SANDBOXING = YES;
				GCC_C_LANGUAGE_STANDARD = gnu17;
				GCC_NO_COMMON_BLOCKS = YES;
				GCC_WARN_64_TO_32_BIT_CONVERSION = YES;
				GCC_WARN_ABOUT_RETURN_TYPE = YES_ERROR;
				GCC_WARN_UNDECLARED_SELECTOR = YES;
				GCC_WARN_UNINITIALIZED_AUTOS = YES_AGGRESSIVE;
				GCC_WARN_UNUSED_FUNCTION = YES;
				GCC_WARN_UNUSED_VARIABLE = YES;
				IPHONEOS_DEPLOYMENT_TARGET = 18.4;
				LOCALIZATION_PREFERS_STRING_CATALOGS = YES;
				MTL_ENABLE_DEBUG_INFO = NO;
				MTL_FAST_MATH = YES;
				SDKROOT = iphoneos;
				SWIFT_COMPILATION_MODE = wholemodule;
				VALIDATE_PRODUCT = YES;
			};
			name = Release;
		};
		259CD28B2DD543AE008D2BA6 /* Debug */ = {
			isa = XCBuildConfiguration;
			buildSettings = {
				ASSETCATALOG_COMPILER_APPICON_NAME = AppIcon;
				ASSETCATALOG_COMPILER_GLOBAL_ACCENT_COLOR_NAME = AccentColor;
				CODE_SIGN_STYLE = Automatic;
				CURRENT_PROJECT_VERSION = 1;
				DEVELOPMENT_TEAM = JRXM8D3T9M;
				ENABLE_PREVIEWS = YES;
				GENERATE_INFOPLIST_FILE = YES;
				INFOPLIST_KEY_CFBundleDisplayName = ChinaGo;
				INFOPLIST_KEY_NSCameraUsageDescription = "旅行助手需要使用相机来扫描翻译文字和拍照功能";
				INFOPLIST_KEY_NSLocationWhenInUseUsageDescription = "旅行助手需要获取您的位置信息以提供导航服务和显示附近的地点";
				INFOPLIST_KEY_NSMicrophoneUsageDescription = "旅行助手需要使用麦克风来进行语音输入和翻译功能";
				INFOPLIST_KEY_UIApplicationSupportsIndirectInputEvents = YES;
				INFOPLIST_KEY_UILaunchStoryboardName = LaunchScreen;
				INFOPLIST_KEY_UIRequiresFullScreen = NO;
				INFOPLIST_KEY_UISupportedInterfaceOrientations_iPad = "UIInterfaceOrientationPortrait UIInterfaceOrientationPortraitUpsideDown UIInterfaceOrientationLandscapeLeft UIInterfaceOrientationLandscapeRight";
				INFOPLIST_KEY_UISupportedInterfaceOrientations_iPhone = "UIInterfaceOrientationPortrait UIInterfaceOrientationLandscapeLeft UIInterfaceOrientationLandscapeRight";
				LD_RUNPATH_SEARCH_PATHS = (
					"$(inherited)",
					"@executable_path/Frameworks",
				);
				MARKETING_VERSION = 1.0;
				PRODUCT_BUNDLE_IDENTIFIER = com.rantao.ChinaGo;
				PRODUCT_NAME = "$(TARGET_NAME)";
				SWIFT_EMIT_LOC_STRINGS = YES;
				SWIFT_VERSION = 5.0;
				TARGETED_DEVICE_FAMILY = "1,2";
			};
			name = Debug;
		};
		259CD28C2DD543AE008D2BA6 /* Release */ = {
			isa = XCBuildConfiguration;
			buildSettings = {
				ASSETCATALOG_COMPILER_APPICON_NAME = AppIcon;
				ASSETCATALOG_COMPILER_GLOBAL_ACCENT_COLOR_NAME = AccentColor;
				CODE_SIGN_STYLE = Automatic;
				CURRENT_PROJECT_VERSION = 1;
				DEVELOPMENT_TEAM = JRXM8D3T9M;
				ENABLE_PREVIEWS = YES;
				GENERATE_INFOPLIST_FILE = YES;
				INFOPLIST_KEY_CFBundleDisplayName = ChinaGo;
				INFOPLIST_KEY_NSCameraUsageDescription = "旅行助手需要使用相机来扫描翻译文字和拍照功能";
				INFOPLIST_KEY_NSLocationWhenInUseUsageDescription = "旅行助手需要获取您的位置信息以提供导航服务和显示附近的地点";
				INFOPLIST_KEY_NSMicrophoneUsageDescription = "旅行助手需要使用麦克风来进行语音输入和翻译功能";
				INFOPLIST_KEY_UIApplicationSupportsIndirectInputEvents = YES;
				INFOPLIST_KEY_UILaunchStoryboardName = LaunchScreen;
				INFOPLIST_KEY_UIRequiresFullScreen = NO;
				INFOPLIST_KEY_UISupportedInterfaceOrientations_iPad = "UIInterfaceOrientationPortrait UIInterfaceOrientationPortraitUpsideDown UIInterfaceOrientationLandscapeLeft UIInterfaceOrientationLandscapeRight";
				INFOPLIST_KEY_UISupportedInterfaceOrientations_iPhone = "UIInterfaceOrientationPortrait UIInterfaceOrientationLandscapeLeft UIInterfaceOrientationLandscapeRight";
				LD_RUNPATH_SEARCH_PATHS = (
					"$(inherited)",
					"@executable_path/Frameworks",
				);
				MARKETING_VERSION = 1.0;
				PRODUCT_BUNDLE_IDENTIFIER = com.rantao.ChinaGo;
				PRODUCT_NAME = "$(TARGET_NAME)";
				SWIFT_EMIT_LOC_STRINGS = YES;
				SWIFT_VERSION = 5.0;
				TARGETED_DEVICE_FAMILY = "1,2";
			};
			name = Release;
		};
		259CD28E2DD543AE008D2BA6 /* Debug */ = {
			isa = XCBuildConfiguration;
			buildSettings = {
				BUNDLE_LOADER = "$(TEST_HOST)";
				CODE_SIGN_STYLE = Automatic;
				CURRENT_PROJECT_VERSION = 1;
				DEVELOPMENT_TEAM = JRXM8D3T9M;
				GENERATE_INFOPLIST_FILE = YES;
				IPHONEOS_DEPLOYMENT_TARGET = 18.4;
				MARKETING_VERSION = 1.0;
				PRODUCT_BUNDLE_IDENTIFIER = a.TravelAssistantTests;
				PRODUCT_NAME = "$(TARGET_NAME)";
				SWIFT_EMIT_LOC_STRINGS = NO;
				SWIFT_VERSION = 5.0;
				TARGETED_DEVICE_FAMILY = "1,2";
				TEST_HOST = "$(BUILT_PRODUCTS_DIR)/TravelAssistant.app/$(BUNDLE_EXECUTABLE_FOLDER_PATH)/TravelAssistant";
			};
			name = Debug;
		};
		259CD28F2DD543AE008D2BA6 /* Release */ = {
			isa = XCBuildConfiguration;
			buildSettings = {
				BUNDLE_LOADER = "$(TEST_HOST)";
				CODE_SIGN_STYLE = Automatic;
				CURRENT_PROJECT_VERSION = 1;
				DEVELOPMENT_TEAM = JRXM8D3T9M;
				GENERATE_INFOPLIST_FILE = YES;
				IPHONEOS_DEPLOYMENT_TARGET = 18.4;
				MARKETING_VERSION = 1.0;
				PRODUCT_BUNDLE_IDENTIFIER = a.TravelAssistantTests;
				PRODUCT_NAME = "$(TARGET_NAME)";
				SWIFT_EMIT_LOC_STRINGS = NO;
				SWIFT_VERSION = 5.0;
				TARGETED_DEVICE_FAMILY = "1,2";
				TEST_HOST = "$(BUILT_PRODUCTS_DIR)/TravelAssistant.app/$(BUNDLE_EXECUTABLE_FOLDER_PATH)/TravelAssistant";
			};
			name = Release;
		};
		259CD2912DD543AE008D2BA6 /* Debug */ = {
			isa = XCBuildConfiguration;
			buildSettings = {
				CODE_SIGN_STYLE = Automatic;
				CURRENT_PROJECT_VERSION = 1;
				DEVELOPMENT_TEAM = JRXM8D3T9M;
				GENERATE_INFOPLIST_FILE = YES;
				MARKETING_VERSION = 1.0;
				PRODUCT_BUNDLE_IDENTIFIER = a.TravelAssistantUITests;
				PRODUCT_NAME = "$(TARGET_NAME)";
				SWIFT_EMIT_LOC_STRINGS = NO;
				SWIFT_VERSION = 5.0;
				TARGETED_DEVICE_FAMILY = "1,2";
				TEST_TARGET_NAME = TravelAssistant;
			};
			name = Debug;
		};
		259CD2922DD543AE008D2BA6 /* Release */ = {
			isa = XCBuildConfiguration;
			buildSettings = {
				CODE_SIGN_STYLE = Automatic;
				CURRENT_PROJECT_VERSION = 1;
				DEVELOPMENT_TEAM = JRXM8D3T9M;
				GENERATE_INFOPLIST_FILE = YES;
				MARKETING_VERSION = 1.0;
				PRODUCT_BUNDLE_IDENTIFIER = a.TravelAssistantUITests;
				PRODUCT_NAME = "$(TARGET_NAME)";
				SWIFT_EMIT_LOC_STRINGS = NO;
				SWIFT_VERSION = 5.0;
				TARGETED_DEVICE_FAMILY = "1,2";
				TEST_TARGET_NAME = TravelAssistant;
			};
			name = Release;
		};
/* End XCBuildConfiguration section */

/* Begin XCConfigurationList section */
		259CD2642DD543AD008D2BA6 /* Build configuration list for PBXProject "TravelAssistant" */ = {
			isa = XCConfigurationList;
			buildConfigurations = (
				259CD2882DD543AE008D2BA6 /* Debug */,
				259CD2892DD543AE008D2BA6 /* Release */,
			);
			defaultConfigurationIsVisible = 0;
			defaultConfigurationName = Release;
		};
		259CD28A2DD543AE008D2BA6 /* Build configuration list for PBXNativeTarget "TravelAssistant" */ = {
			isa = XCConfigurationList;
			buildConfigurations = (
				259CD28B2DD543AE008D2BA6 /* Debug */,
				259CD28C2DD543AE008D2BA6 /* Release */,
			);
			defaultConfigurationIsVisible = 0;
			defaultConfigurationName = Release;
		};
		259CD28D2DD543AE008D2BA6 /* Build configuration list for PBXNativeTarget "TravelAssistantTests" */ = {
			isa = XCConfigurationList;
			buildConfigurations = (
				259CD28E2DD543AE008D2BA6 /* Debug */,
				259CD28F2DD543AE008D2BA6 /* Release */,
			);
			defaultConfigurationIsVisible = 0;
			defaultConfigurationName = Release;
		};
		259CD2902DD543AE008D2BA6 /* Build configuration list for PBXNativeTarget "TravelAssistantUITests" */ = {
			isa = XCConfigurationList;
			buildConfigurations = (
				259CD2912DD543AE008D2BA6 /* Debug */,
				259CD2922DD543AE008D2BA6 /* Release */,
			);
			defaultConfigurationIsVisible = 0;
			defaultConfigurationName = Release;
		};
/* End XCConfigurationList section */
	};
	rootObject = 259CD2612DD543AD008D2BA6 /* Project object */;
}
